{
  "version": 4,
  "terraform_version": "1.1.3",
  "serial": 3,
  "lineage": "e7d27522-ae94-ce25-d0be-c0563a8ed06a",
  "outputs": {},
  "resources": [
    {
      "mode": "managed",
      "type": "aws_iam_group",
      "name": "grp",
      "provider": "provider[\"registry.terraform.io/hashicorp/aws\"]",
      "instances": [
        {
          "index_key": "user1",
          "schema_version": 0,
          "attributes": {
            "arn": "arn:aws:iam::645084130986:group/user1",
            "id": "user1",
            "name": "user1",
            "path": "/",
            "unique_id": "AGPAZMMQCV2VP3VXDKRVV"
          },
          "sensitive_attributes": [],
          "private": "bnVsbA=="
        },
        {
          "index_key": "user2",
          "schema_version": 0,
          "attributes": {
            "arn": "arn:aws:iam::645084130986:group/user2",
            "id": "user2",
            "name": "user2",
            "path": "/",
            "unique_id": "AGPAZMMQCV2VN62MUXNKD"
          },
          "sensitive_attributes": [],
          "private": "bnVsbA=="
        }
      ]
    }
  ]
}
